
Microsoft Visual Studio Solution File, Format Version 12.00
# Visual Studio Version 17
VisualStudioVersion = 17.8.34511.84
MinimumVisualStudioVersion = 10.0.40219.1
Project("{FAE04EC0-301F-11D3-BF4B-00C04F79EFBC}") = "onduty", "onduty\onduty.csproj", "{034E5741-DBAE-4430-9868-47B588FC5C2B}"
EndProject
Project("{FAE04EC0-301F-11D3-BF4B-00C04F79EFBC}") = "WindowsFormsApp1", "WindowsFormsApp1\WindowsFormsApp1.csproj", "{A864AF1E-30E9-441C-9D28-06EB0F636058}"
EndProject
Global
	GlobalSection(SolutionConfigurationPlatforms) = preSolution
		Debug|Any CPU = Debug|Any CPU
		Release|Any CPU = Release|Any CPU
	EndGlobalSection
	GlobalSection(ProjectConfigurationPlatforms) = postSolution
		{034E5741-DBAE-4430-9868-47B588FC5C2B}.Debug|Any CPU.ActiveCfg = Debug|Any CPU
		{034E5741-DBAE-4430-9868-47B588FC5C2B}.Debug|Any CPU.Build.0 = Debug|Any CPU
		{034E5741-DBAE-4430-9868-47B588FC5C2B}.Release|Any CPU.ActiveCfg = Release|Any CPU
		{034E5741-DBAE-4430-9868-47B588FC5C2B}.Release|Any CPU.Build.0 = Release|Any CPU
		{A864AF1E-30E9-441C-9D28-06EB0F636058}.Debug|Any CPU.ActiveCfg = Debug|Any CPU
		{A864AF1E-30E9-441C-9D28-06EB0F636058}.Debug|Any CPU.Build.0 = Debug|Any CPU
		{A864AF1E-30E9-441C-9D28-06EB0F636058}.Release|Any CPU.ActiveCfg = Release|Any CPU
		{A864AF1E-30E9-441C-9D28-06EB0F636058}.Release|Any CPU.Build.0 = Release|Any CPU
	EndGlobalSection
	GlobalSection(SolutionProperties) = preSolution
		HideSolutionNode = FALSE
	EndGlobalSection
	GlobalSection(ExtensibilityGlobals) = postSolution
		SolutionGuid = {B9751934-9F55-4853-BDB4-8FA9805F1872}
	EndGlobalSection
EndGlobal
